// !$*UTF8*$!
{
	archiveVersion = 1;
	classes = {
	};
	objectVersion = 46;
	objects = {

/* Begin PBXBuildFile section */
		034A30AB8D9169CFBEDD6240 /* Pods.framework in Frameworks */ = {isa = PBXBuildFile; fileRef = 6ADCDF9F7C0D38D5970FF92D /* Pods.framework */; };
		D2D2243A1CABD8B100F4ABA9 /* AppDelegate.swift in Sources */ = {isa = PBXBuildFile; fileRef = D2D224391CABD8B100F4ABA9 /* AppDelegate.swift */; };
		D2D2243F1CABD8B100F4ABA9 /* Main.storyboard in Resources */ = {isa = PBXBuildFile; fileRef = D2D2243D1CABD8B100F4ABA9 /* Main.storyboard */; };
		D2D224411CABD8B100F4ABA9 /* Assets.xcassets in Resources */ = {isa = PBXBuildFile; fileRef = D2D224401CABD8B100F4ABA9 /* Assets.xcassets */; };
		D2D224441CABD8B100F4ABA9 /* LaunchScreen.storyboard in Resources */ = {isa = PBXBuildFile; fileRef = D2D224421CABD8B100F4ABA9 /* LaunchScreen.storyboard */; };
		D2D224501CAD241800F4ABA9 /* ParseEngine.swift in Sources */ = {isa = PBXBuildFile; fileRef = D2D2244F1CAD241800F4ABA9 /* ParseEngine.swift */; };
		D2D224521CAD244F00F4ABA9 /* Model.swift in Sources */ = {isa = PBXBuildFile; fileRef = D2D224511CAD244F00F4ABA9 /* Model.swift */; };
		D2D224541CAD267000F4ABA9 /* Meta.swift in Sources */ = {isa = PBXBuildFile; fileRef = D2D224531CAD267000F4ABA9 /* Meta.swift */; };
/* End PBXBuildFile section */

/* Begin PBXFileReference section */
		0A91DAF1490DEE00C94324A6 /* Pods.debug.xcconfig */ = {isa = PBXFileReference; includeInIndex = 1; lastKnownFileType = text.xcconfig; name = Pods.debug.xcconfig; path = "Pods/Target Support Files/Pods/Pods.debug.xcconfig"; sourceTree = "<group>"; };
		0C27A003066FACAEEB1F8DBE /* Pods.release.xcconfig */ = {isa = PBXFileReference; includeInIndex = 1; lastKnownFileType = text.xcconfig; name = Pods.release.xcconfig; path = "Pods/Target Support Files/Pods/Pods.release.xcconfig"; sourceTree = "<group>"; };
		6ADCDF9F7C0D38D5970FF92D /* Pods.framework */ = {isa = PBXFileReference; explicitFileType = wrapper.framework; includeInIndex = 0; path = Pods.framework; sourceTree = BUILT_PRODUCTS_DIR; };
		D2D224361CABD8B100F4ABA9 /* ApiChecker.app */ = {isa = PBXFileReference; explicitFileType = wrapper.application; includeInIndex = 0; path = ApiChecker.app; sourceTree = BUILT_PRODUCTS_DIR; };
		D2D224391CABD8B100F4ABA9 /* AppDelegate.swift */ = {isa = PBXFileReference; lastKnownFileType = sourcecode.swift; path = AppDelegate.swift; sourceTree = "<group>"; };
		D2D2243E1CABD8B100F4ABA9 /* Base */ = {isa = PBXFileReference; lastKnownFileType = file.storyboard; name = Base; path = Base.lproj/Main.storyboard; sourceTree = "<group>"; };
		D2D224401CABD8B100F4ABA9 /* Assets.xcassets */ = {isa = PBXFileReference; lastKnownFileType = folder.assetcatalog; path = Assets.xcassets; sourceTree = "<group>"; };
		D2D224431CABD8B100F4ABA9 /* Base */ = {isa = PBXFileReference; lastKnownFileType = file.storyboard; name = Base; path = Base.lproj/LaunchScreen.storyboard; sourceTree = "<group>"; };
		D2D224451CABD8B100F4ABA9 /* Info.plist */ = {isa = PBXFileReference; lastKnownFileType = text.plist.xml; path = Info.plist; sourceTree = "<group>"; };
		D2D2244F1CAD241800F4ABA9 /* ParseEngine.swift */ = {isa = PBXFileReference; fileEncoding = 4; lastKnownFileType = sourcecode.swift; path = ParseEngine.swift; sourceTree = "<group>"; };
		D2D224511CAD244F00F4ABA9 /* Model.swift */ = {isa = PBXFileReference; fileEncoding = 4; lastKnownFileType = sourcecode.swift; path = Model.swift; sourceTree = "<group>"; };
		D2D224531CAD267000F4ABA9 /* Meta.swift */ = {isa = PBXFileReference; fileEncoding = 4; lastKnownFileType = sourcecode.swift; path = Meta.swift; sourceTree = "<group>"; };
		D2D224551CAD27C500F4ABA9 /* ApiChecker-Bridging-Header.h */ = {isa = PBXFileReference; lastKnownFileType = sourcecode.c.h; path = "ApiChecker-Bridging-Header.h"; sourceTree = "<group>"; };
/* End PBXFileReference section */

/* Begin PBXFrameworksBuildPhase section */
		D2D224331CABD8B100F4ABA9 /* Frameworks */ = {
			isa = PBXFrameworksBuildPhase;
			buildActionMask = 2147483647;
			files = (
				034A30AB8D9169CFBEDD6240 /* Pods.framework in Frameworks */,
			);
			runOnlyForDeploymentPostprocessing = 0;
		};
/* End PBXFrameworksBuildPhase section */

/* Begin PBXGroup section */
		1A0EC040AD3B5443E60C9AE5 /* Pods */ = {
			isa = PBXGroup;
			children = (
				0A91DAF1490DEE00C94324A6 /* Pods.debug.xcconfig */,
				0C27A003066FACAEEB1F8DBE /* Pods.release.xcconfig */,
			);
			name = Pods;
			sourceTree = "<group>";
		};
		D2D2242D1CABD8B100F4ABA9 = {
			isa = PBXGroup;
			children = (
				D2D224381CABD8B100F4ABA9 /* ApiChecker */,
				D2D224371CABD8B100F4ABA9 /* Products */,
				1A0EC040AD3B5443E60C9AE5 /* Pods */,
				F45865A4CB5DA846C5C8189A /* Frameworks */,
			);
			sourceTree = "<group>";
		};
		D2D224371CABD8B100F4ABA9 /* Products */ = {
			isa = PBXGroup;
			children = (
				D2D224361CABD8B100F4ABA9 /* ApiChecker.app */,
			);
			name = Products;
			sourceTree = "<group>";
		};
		D2D224381CABD8B100F4ABA9 /* ApiChecker */ = {
			isa = PBXGroup;
			children = (
				D2D224391CABD8B100F4ABA9 /* AppDelegate.swift */,
				D2D2244B1CABD97400F4ABA9 /* Models */,
				D2D2244C1CABD97B00F4ABA9 /* Views */,
				D2D2244D1CABD98200F4ABA9 /* View Controllers */,
				D2D2244E1CABD9A700F4ABA9 /* Supporting Files */,
			);
			path = ApiChecker;
			sourceTree = "<group>";
		};
		D2D2244B1CABD97400F4ABA9 /* Models */ = {
			isa = PBXGroup;
			children = (
				D2D2244F1CAD241800F4ABA9 /* ParseEngine.swift */,
				D2D224511CAD244F00F4ABA9 /* Model.swift */,
				D2D224531CAD267000F4ABA9 /* Meta.swift */,
			);
			name = Models;
			sourceTree = "<group>";
		};
		D2D2244C1CABD97B00F4ABA9 /* Views */ = {
			isa = PBXGroup;
			children = (
			);
			name = Views;
			sourceTree = "<group>";
		};
		D2D2244D1CABD98200F4ABA9 /* View Controllers */ = {
			isa = PBXGroup;
			children = (
			);
			name = "View Controllers";
			sourceTree = "<group>";
		};
		D2D2244E1CABD9A700F4ABA9 /* Supporting Files */ = {
			isa = PBXGroup;
			children = (
				D2D224551CAD27C500F4ABA9 /* ApiChecker-Bridging-Header.h */,
				D2D2243D1CABD8B100F4ABA9 /* Main.storyboard */,
				D2D224401CABD8B100F4ABA9 /* Assets.xcassets */,
				D2D224421CABD8B100F4ABA9 /* LaunchScreen.storyboard */,
				D2D224451CABD8B100F4ABA9 /* Info.plist */,
			);
			name = "Supporting Files";
			sourceTree = "<group>";
		};
		F45865A4CB5DA846C5C8189A /* Frameworks */ = {
			isa = PBXGroup;
			children = (
				6ADCDF9F7C0D38D5970FF92D /* Pods.framework */,
			);
			name = Frameworks;
			sourceTree = "<group>";
		};
/* End PBXGroup section */

/* Begin PBXNativeTarget section */
		D2D224351CABD8B100F4ABA9 /* ApiChecker */ = {
			isa = PBXNativeTarget;
			buildConfigurationList = D2D224481CABD8B100F4ABA9 /* Build configuration list for PBXNativeTarget "ApiChecker" */;
			buildPhases = (
				2A535B25D02C5E2B3B5AE682 /* Check Pods Manifest.lock */,
				D2D224321CABD8B100F4ABA9 /* Sources */,
				D2D224331CABD8B100F4ABA9 /* Frameworks */,
				D2D224341CABD8B100F4ABA9 /* Resources */,
				927692E20BAEDD8189105241 /* Embed Pods Frameworks */,
				E5C68F2FBE715A11BC53BAA9 /* Copy Pods Resources */,
			);
			buildRules = (
			);
			dependencies = (
			);
			name = ApiChecker;
			productName = ApiChecker;
			productReference = D2D224361CABD8B100F4ABA9 /* ApiChecker.app */;
			productType = "com.apple.product-type.application";
		};
/* End PBXNativeTarget section */

/* Begin PBXProject section */
		D2D2242E1CABD8B100F4ABA9 /* Project object */ = {
			isa = PBXProject;
			attributes = {
				LastSwiftUpdateCheck = 0720;
				LastUpgradeCheck = 0720;
				ORGANIZATIONNAME = FAYA;
				TargetAttributes = {
					D2D224351CABD8B100F4ABA9 = {
						CreatedOnToolsVersion = 7.2.1;
					};
				};
			};
			buildConfigurationList = D2D224311CABD8B100F4ABA9 /* Build configuration list for PBXProject "ApiChecker" */;
			compatibilityVersion = "Xcode 3.2";
			developmentRegion = English;
			hasScannedForEncodings = 0;
			knownRegions = (
				en,
				Base,
			);
			mainGroup = D2D2242D1CABD8B100F4ABA9;
			productRefGroup = D2D224371CABD8B100F4ABA9 /* Products */;
			projectDirPath = "";
			projectRoot = "";
			targets = (
				D2D224351CABD8B100F4ABA9 /* ApiChecker */,
			);
		};
/* End PBXProject section */

/* Begin PBXResourcesBuildPhase section */
		D2D224341CABD8B100F4ABA9 /* Resources */ = {
			isa = PBXResourcesBuildPhase;
			buildActionMask = 2147483647;
			files = (
				D2D224441CABD8B100F4ABA9 /* LaunchScreen.storyboard in Resources */,
				D2D224411CABD8B100F4ABA9 /* Assets.xcassets in Resources */,
				D2D2243F1CABD8B100F4ABA9 /* Main.storyboard in Resources */,
			);
			runOnlyForDeploymentPostprocessing = 0;
		};
/* End PBXResourcesBuildPhase section */

/* Begin PBXShellScriptBuildPhase section */
		2A535B25D02C5E2B3B5AE682 /* Check Pods Manifest.lock */ = {
			isa = PBXShellScriptBuildPhase;
			buildActionMask = 2147483647;
			files = (
			);
			inputPaths = (
			);
			name = "Check Pods Manifest.lock";
			outputPaths = (
			);
			runOnlyForDeploymentPostprocessing = 0;
			shellPath = /bin/sh;
			shellScript = "diff \"${PODS_ROOT}/../Podfile.lock\" \"${PODS_ROOT}/Manifest.lock\" > /dev/null\nif [[ $? != 0 ]] ; then\n    cat << EOM\nerror: The sandbox is not in sync with the Podfile.lock. Run 'pod install' or update your CocoaPods installation.\nEOM\n    exit 1\nfi\n";
			showEnvVarsInLog = 0;
		};
		927692E20BAEDD8189105241 /* Embed Pods Frameworks */ = {
			isa = PBXShellScriptBuildPhase;
			buildActionMask = 2147483647;
			files = (
			);
			inputPaths = (
			);
			name = "Embed Pods Frameworks";
			outputPaths = (
			);
			runOnlyForDeploymentPostprocessing = 0;
			shellPath = /bin/sh;
			shellScript = "\"${SRCROOT}/Pods/Target Support Files/Pods/Pods-frameworks.sh\"\n";
			showEnvVarsInLog = 0;
		};
		E5C68F2FBE715A11BC53BAA9 /* Copy Pods Resources */ = {
			isa = PBXShellScriptBuildPhase;
			buildActionMask = 2147483647;
			files = (
			);
			inputPaths = (
			);
			name = "Copy Pods Resources";
			outputPaths = (
			);
			runOnlyForDeploymentPostprocessing = 0;
			shellPath = /bin/sh;
			shellScript = "\"${SRCROOT}/Pods/Target Support Files/Pods/Pods-resources.sh\"\n";
			showEnvVarsInLog = 0;
		};
/* End PBXShellScriptBuildPhase section */

/* Begin PBXSourcesBuildPhase section */
		D2D224321CABD8B100F4ABA9 /* Sources */ = {
			isa = PBXSourcesBuildPhase;
			buildActionMask = 2147483647;
			files = (
				D2D224541CAD267000F4ABA9 /* Meta.swift in Sources */,
				D2D224521CAD244F00F4ABA9 /* Model.swift in Sources */,
				D2D2243A1CABD8B100F4ABA9 /* AppDelegate.swift in Sources */,
				D2D224501CAD241800F4ABA9 /* ParseEngine.swift in Sources */,
			);
			runOnlyForDeploymentPostprocessing = 0;
		};
/* End PBXSourcesBuildPhase section */

/* Begin PBXVariantGroup section */
		D2D2243D1CABD8B100F4ABA9 /* Main.storyboard */ = {
			isa = PBXVariantGroup;
			children = (
				D2D2243E1CABD8B100F4ABA9 /* Base */,
			);
			name = Main.storyboard;
			sourceTree = "<group>";
		};
		D2D224421CABD8B100F4ABA9 /* LaunchScreen.storyboard */ = {
			isa = PBXVariantGroup;
			children = (
				D2D224431CABD8B100F4ABA9 /* Base */,
			);
			name = LaunchScreen.storyboard;
			sourceTree = "<group>";
		};
/* End PBXVariantGroup section */

/* Begin XCBuildConfiguration section */
		D2D224461CABD8B100F4ABA9 /* Debug */ = {
			isa = XCBuildConfiguration;
			buildSettings = {
				ALWAYS_SEARCH_USER_PATHS = NO;
				CLANG_CXX_LANGUAGE_STANDARD = "gnu++0x";
				CLANG_CXX_LIBRARY = "libc++";
				CLANG_ENABLE_MODULES = YES;
				CLANG_ENABLE_OBJC_ARC = YES;
				CLANG_WARN_BOOL_CONVERSION = YES;
				CLANG_WARN_CONSTANT_CONVERSION = YES;
				CLANG_WARN_DIRECT_OBJC_ISA_USAGE = YES_ERROR;
				CLANG_WARN_EMPTY_BODY = YES;
				CLANG_WARN_ENUM_CONVERSION = YES;
				CLANG_WARN_INT_CONVERSION = YES;
				CLANG_WARN_OBJC_ROOT_CLASS = YES_ERROR;
				CLANG_WARN_UNREACHABLE_CODE = YES;
				CLANG_WARN__DUPLICATE_METHOD_MATCH = YES;
				"CODE_SIGN_IDENTITY[sdk=iphoneos*]" = "iPhone Developer";
				COPY_PHASE_STRIP = NO;
				DEBUG_INFORMATION_FORMAT = dwarf;
				ENABLE_STRICT_OBJC_MSGSEND = YES;
				ENABLE_TESTABILITY = YES;
				GCC_C_LANGUAGE_STANDARD = gnu99;
				GCC_DYNAMIC_NO_PIC = NO;
				GCC_NO_COMMON_BLOCKS = YES;
				GCC_OPTIMIZATION_LEVEL = 0;
				GCC_PREPROCESSOR_DEFINITIONS = (
					"DEBUG=1",
					"$(inherited)",
				);
				GCC_WARN_64_TO_32_BIT_CONVERSION = YES;
				GCC_WARN_ABOUT_RETURN_TYPE = YES_ERROR;
				GCC_WARN_UNDECLARED_SELECTOR = YES;
				GCC_WARN_UNINITIALIZED_AUTOS = YES_AGGRESSIVE;
				GCC_WARN_UNUSED_FUNCTION = YES;
				GCC_WARN_UNUSED_VARIABLE = YES;
				IPHONEOS_DEPLOYMENT_TARGET = 9.2;
				MTL_ENABLE_DEBUG_INFO = YES;
				ONLY_ACTIVE_ARCH = YES;
				SDKROOT = iphoneos;
				SWIFT_OPTIMIZATION_LEVEL = "-Onone";
			};
			name = Debug;
		};
		D2D224471CABD8B100F4ABA9 /* Release */ = {
			isa = XCBuildConfiguration;
			buildSettings = {
				ALWAYS_SEARCH_USER_PATHS = NO;
				CLANG_CXX_LANGUAGE_STANDARD = "gnu++0x";
				CLANG_CXX_LIBRARY = "libc++";
				CLANG_ENABLE_MODULES = YES;
				CLANG_ENABLE_OBJC_ARC = YES;
				CLANG_WARN_BOOL_CONVERSION = YES;
				CLANG_WARN_CONSTANT_CONVERSION = YES;
				CLANG_WARN_DIRECT_OBJC_ISA_USAGE = YES_ERROR;
				CLANG_WARN_EMPTY_BODY = YES;
				CLANG_WARN_ENUM_CONVERSION = YES;
				CLANG_WARN_INT_CONVERSION = YES;
				CLANG_WARN_OBJC_ROOT_CLASS = YES_ERROR;
				CLANG_WARN_UNREACHABLE_CODE = YES;
				CLANG_WARN__DUPLICATE_METHOD_MATCH = YES;
				"CODE_SIGN_IDENTITY[sdk=iphoneos*]" = "iPhone Developer";
				COPY_PHASE_STRIP = NO;
				DEBUG_INFORMATION_FORMAT = "dwarf-with-dsym";
				ENABLE_NS_ASSERTIONS = NO;
				ENABLE_STRICT_OBJC_MSGSEND = YES;
				GCC_C_LANGUAGE_STANDARD = gnu99;
				GCC_NO_COMMON_BLOCKS = YES;
				GCC_WARN_64_TO_32_BIT_CONVERSION = YES;
				GCC_WARN_ABOUT_RETURN_TYPE = YES_ERROR;
				GCC_WARN_UNDECLARED_SELECTOR = YES;
				GCC_WARN_UNINITIALIZED_AUTOS = YES_AGGRESSIVE;
				GCC_WARN_UNUSED_FUNCTION = YES;
				GCC_WARN_UNUSED_VARIABLE = YES;
				IPHONEOS_DEPLOYMENT_TARGET = 9.2;
				MTL_ENABLE_DEBUG_INFO = NO;
				SDKROOT = iphoneos;
				VALIDATE_PRODUCT = YES;
			};
			name = Release;
		};
		D2D224491CABD8B100F4ABA9 /* Debug */ = {
			isa = XCBuildConfiguration;
			baseConfigurationReference = 0A91DAF1490DEE00C94324A6 /* Pods.debug.xcconfig */;
			buildSettings = {
				ASSETCATALOG_COMPILER_APPICON_NAME = AppIcon;
				CLANG_ENABLE_MODULES = YES;
				INFOPLIST_FILE = ApiChecker/Info.plist;
				LD_RUNPATH_SEARCH_PATHS = "$(inherited) @executable_path/Frameworks";
				PRODUCT_BUNDLE_IDENTIFIER = com.FAYA.ApiChecker;
				PRODUCT_NAME = "$(TARGET_NAME)";
				SWIFT_OBJC_BRIDGING_HEADER = "ApiChecker/ApiChecker-Bridging-Header.h";
				SWIFT_OPTIMIZATION_LEVEL = "-Onone";
			};
			name = Debug;
		};
		D2D2244A1CABD8B100F4ABA9 /* Release */ = {
			isa = XCBuildConfiguration;
			baseConfigurationReference = 0C27A003066FACAEEB1F8DBE /* Pods.release.xcconfig */;
			buildSettings = {
				ASSETCATALOG_COMPILER_APPICON_NAME = AppIcon;
				CLANG_ENABLE_MODULES = YES;
				INFOPLIST_FILE = ApiChecker/Info.plist;
				LD_RUNPATH_SEARCH_PATHS = "$(inherited) @executable_path/Frameworks";
				PRODUCT_BUNDLE_IDENTIFIER = com.FAYA.ApiChecker;
				PRODUCT_NAME = "$(TARGET_NAME)";
				SWIFT_OBJC_BRIDGING_HEADER = "ApiChecker/ApiChecker-Bridging-Header.h";
			};
			name = Release;
		};
/* End XCBuildConfiguration section */

/* Begin XCConfigurationList section */
		D2D224311CABD8B100F4ABA9 /* Build configuration list for PBXProject "ApiChecker" */ = {
			isa = XCConfigurationList;
			buildConfigurations = (
				D2D224461CABD8B100F4ABA9 /* Debug */,
				D2D224471CABD8B100F4ABA9 /* Release */,
			);
			defaultConfigurationIsVisible = 0;
			defaultConfigurationName = Release;
		};
		D2D224481CABD8B100F4ABA9 /* Build configuration list for PBXNativeTarget "ApiChecker" */ = {
			isa = XCConfigurationList;
			buildConfigurations = (
				D2D224491CABD8B100F4ABA9 /* Debug */,
				D2D2244A1CABD8B100F4ABA9 /* Release */,
			);
			defaultConfigurationIsVisible = 0;
			defaultConfigurationName = Release;
		};
/* End XCConfigurationList section */
	};
	rootObject = D2D2242E1CABD8B100F4ABA9 /* Project object */;
}
